
Microsoft Visual Studio Solution File, Format Version 12.00
# Visual Studio Version 17
VisualStudioVersion = 17.0.31903.59
MinimumVisualStudioVersion = 10.0.40219.1
Project("{FAE04EC0-301F-11D3-BF4B-00C04F79EFBC}") = "DoomSharp.Benchmarks.Runner", "DoomSharp.Benchmarks.Runner\DoomSharp.Benchmarks.Runner.csproj", "{C832F225-6078-46FA-9344-B414461039FF}"
EndProject
Global
	GlobalSection(SolutionConfigurationPlatforms) = preSolution
		Debug|Any CPU = Debug|Any CPU
		Release|Any CPU = Release|Any CPU
	EndGlobalSection
	GlobalSection(SolutionProperties) = preSolution
		HideSolutionNode = FALSE
	EndGlobalSection
	GlobalSection(ProjectConfigurationPlatforms) = postSolution
		{C832F225-6078-46FA-9344-B414461039FF}.Debug|Any CPU.ActiveCfg = Debug|Any CPU
		{C832F225-6078-46FA-9344-B414461039FF}.Debug|Any CPU.Build.0 = Debug|Any CPU
		{C832F225-6078-46FA-9344-B414461039FF}.Release|Any CPU.ActiveCfg = Release|Any CPU
		{C832F225-6078-46FA-9344-B414461039FF}.Release|Any CPU.Build.0 = Release|Any CPU
	EndGlobalSection
EndGlobal
